# This file is automatically @generated by Cargo.
# It is not intended for manual editing.
version = 4

[[package]]
name = "bootstrap-cli"
version = "0.1.0"

[[package]]
name = "ch01-rust-program-shape"
version = "0.1.0"

[[package]]
name = "ch02-values-types-functions"
version = "0.1.0"

[[package]]
name = "ch03-vec-slice-string"
version = "0.1.0"

[[package]]
name = "ch04-ownership-borrowing"
version = "0.1.0"

[[package]]
name = "ch05-option-result-errors"
version = "0.1.0"

[[package]]
name = "ch06-struct-enum-match"
version = "0.1.0"

[[package]]
name = "ch07-testing-numeric-code"
version = "0.1.0"

[[package]]
name = "ch08-rolling-mean"
version = "0.1.0"

[[package]]
name = "ch09-modules-crates"
version = "0.1.0"

[[package]]
name = "ch10-traits-generics"
version = "0.1.0"

[[package]]
name = "ch11-lifetimes-api-design"
version = "0.1.0"

[[package]]
name = "ch12-iterators-closures"
version = "0.1.0"

[[package]]
name = "ch13-memory-drop-raii"
version = "0.1.0"

[[package]]
name = "ch14-collections-bytes"
version = "0.1.0"

[[package]]
name = "ch15-error-architecture"
version = "0.1.0"

[[package]]
name = "ch16-concurrency-primitives"
version = "0.1.0"

[[package]]
name = "ch17-async-boundaries"
version = "0.1.0"

[[package]]
name = "ch18-macros-features-docs"
version = "0.1.0"

[[package]]
name = "ch19-performance-engineering"
version = "0.1.0"

[[package]]
name = "ch20-memory-layout-cache"
version = "0.1.0"

[[package]]
name = "ch21-numerical-kernel"
version = "0.1.0"

[[package]]
name = "ch22-parallel-computing"
version = "0.1.0"

[[package]]
name = "ch23-simd-unsafe"
version = "0.1.0"

[[package]]
name = "ch24-python-ffi-boundaries"
version = "0.1.0"

[[package]]
name = "ch25-backtesting"
version = "0.1.0"

[[package]]
name = "ch26-experiment-monte-carlo"
version = "0.1.0"

[[package]]
name = "ch27-online-columnar"
version = "0.1.0"

[[package]]
name = "ch28-storage-serialization"
version = "0.1.0"

[[package]]
name = "ch29-distributed-capstone"
version = "0.1.0"

[[package]]
name = "ch30-observability-config"
version = "0.1.0"

[[package]]
name = "ch31-final-architecture"
version = "0.1.0"

[[package]]
name = "ch32-criterion-profiling"
version = "0.1.0"

[[package]]
name = "ch33-rayon-parallelism"
version = "0.1.0"

[[package]]
name = "ch34-python-extension-boundary"
version = "0.1.0"

[[package]]
name = "ch35-columnar-query-engines"
version = "0.1.0"

[[package]]
name = "ch36-runtime-observability"
version = "0.1.0"

[[package]]
name = "ch37-scheduler-hardening"
version = "0.1.0"

[[package]]
name = "factor-core"
version = "0.1.0"

[[package]]
name = "quant-lab-engine"
version = "0.1.0"
dependencies = [
 "factor-core",
]
